
Microsoft Visual Studio Solution File, Format Version 12.00
# Visual Studio Version 16
VisualStudioVersion = 16.0.30404.54
MinimumVisualStudioVersion = 10.0.40219.1
Project("{2150E333-8FDC-42A3-9474-1A3956D46DE8}") = "Microservices", "Microservices", "{65889E74-473A-43FF-A00A-338448F917E0}"
EndProject
Project("{2150E333-8FDC-42A3-9474-1A3956D46DE8}") = "Domain", "Domain", "{42B98AEC-F511-4421-824C-F226366589EC}"
EndProject
Project("{2150E333-8FDC-42A3-9474-1A3956D46DE8}") = "Infra.Bus", "Infra.Bus", "{464B484C-5947-4B06-9AFF-1835F47538B3}"
EndProject
Project("{2150E333-8FDC-42A3-9474-1A3956D46DE8}") = "Infra.IOC", "Infra.IOC", "{BDF8650D-C8DF-490D-A001-D8AA38BFFBCD}"
EndProject
Project("{2150E333-8FDC-42A3-9474-1A3956D46DE8}") = "Presentation", "Presentation", "{24CF20EC-A7D1-47EB-A186-1AC55E4E4201}"
EndProject
Project("{9A19103F-16F7-4668-BE54-9A1E7A4F7556}") = "MicroRabbit.Domain.Core", "MicroRabbit.Domain.Core\MicroRabbit.Domain.Core.csproj", "{AC838710-3279-457D-A8D7-C23B7539FB8B}"
EndProject
Project("{9A19103F-16F7-4668-BE54-9A1E7A4F7556}") = "MicroRabbit.Infra.Bus", "MicroRabbit.Infra.Bus\MicroRabbit.Infra.Bus.csproj", "{539E9652-C313-4BC6-9613-DEBCC35029D7}"
EndProject
Project("{9A19103F-16F7-4668-BE54-9A1E7A4F7556}") = "MicroRabbit.Infra.IOC", "MicroRabbit.Infra.IOC\MicroRabbit.Infra.IOC.csproj", "{059C9B2D-5C14-4469-915E-D9D08F9CA555}"
EndProject
Project("{2150E333-8FDC-42A3-9474-1A3956D46DE8}") = "Banking", "Banking", "{FF876D70-4DC2-47C6-9B3A-A6C19C8CF664}"
EndProject
Project("{2150E333-8FDC-42A3-9474-1A3956D46DE8}") = "Api", "Api", "{2DBFA5AB-DA30-4B8F-BF20-A24867FE5C91}"
EndProject
Project("{2150E333-8FDC-42A3-9474-1A3956D46DE8}") = "Domaiin", "Domaiin", "{552DF1D5-7A21-4D2E-8ED5-B0F22A97A686}"
EndProject
Project("{2150E333-8FDC-42A3-9474-1A3956D46DE8}") = "Data", "Data", "{9C93A3EF-D0EE-4EF3-9DE4-CBE33CCE8659}"
EndProject
Project("{2150E333-8FDC-42A3-9474-1A3956D46DE8}") = "Application", "Application", "{87F3EEBF-C82B-4533-BD58-5B8BBB44D6E2}"
EndProject
Project("{FAE04EC0-301F-11D3-BF4B-00C04F79EFBC}") = "MicroRabbit.Banking.Api", "MicroRabbit.Banking.Api\MicroRabbit.Banking.Api.csproj", "{0AB8307E-E7CD-4154-A113-72F276C779D1}"
EndProject
Project("{FAE04EC0-301F-11D3-BF4B-00C04F79EFBC}") = "MicroRabbit.Banking.Application", "MicroRabbit.Banking.Application\MicroRabbit.Banking.Application.csproj", "{CE8BF8FF-94CF-4845-83C6-18C14E595D55}"
EndProject
Project("{FAE04EC0-301F-11D3-BF4B-00C04F79EFBC}") = "MicroRabbit.Banking.Data", "MicroRabbit.Banking.Data\MicroRabbit.Banking.Data.csproj", "{3ACFD2CA-151E-4B7F-9C01-A2755DC005AC}"
EndProject
Project("{FAE04EC0-301F-11D3-BF4B-00C04F79EFBC}") = "MicroRabbit.Banking.Domain", "MicroRabbit.Banking.Domain\MicroRabbit.Banking.Domain.csproj", "{F7F7DDDB-712C-4230-9DEA-19FDC682ABB1}"
EndProject
Global
	GlobalSection(SolutionConfigurationPlatforms) = preSolution
		Debug|Any CPU = Debug|Any CPU
		Release|Any CPU = Release|Any CPU
	EndGlobalSection
	GlobalSection(ProjectConfigurationPlatforms) = postSolution
		{AC838710-3279-457D-A8D7-C23B7539FB8B}.Debug|Any CPU.ActiveCfg = Debug|Any CPU
		{AC838710-3279-457D-A8D7-C23B7539FB8B}.Debug|Any CPU.Build.0 = Debug|Any CPU
		{AC838710-3279-457D-A8D7-C23B7539FB8B}.Release|Any CPU.ActiveCfg = Release|Any CPU
		{AC838710-3279-457D-A8D7-C23B7539FB8B}.Release|Any CPU.Build.0 = Release|Any CPU
		{539E9652-C313-4BC6-9613-DEBCC35029D7}.Debug|Any CPU.ActiveCfg = Debug|Any CPU
		{539E9652-C313-4BC6-9613-DEBCC35029D7}.Debug|Any CPU.Build.0 = Debug|Any CPU
		{539E9652-C313-4BC6-9613-DEBCC35029D7}.Release|Any CPU.ActiveCfg = Release|Any CPU
		{539E9652-C313-4BC6-9613-DEBCC35029D7}.Release|Any CPU.Build.0 = Release|Any CPU
		{059C9B2D-5C14-4469-915E-D9D08F9CA555}.Debug|Any CPU.ActiveCfg = Debug|Any CPU
		{059C9B2D-5C14-4469-915E-D9D08F9CA555}.Debug|Any CPU.Build.0 = Debug|Any CPU
		{059C9B2D-5C14-4469-915E-D9D08F9CA555}.Release|Any CPU.ActiveCfg = Release|Any CPU
		{059C9B2D-5C14-4469-915E-D9D08F9CA555}.Release|Any CPU.Build.0 = Release|Any CPU
		{0AB8307E-E7CD-4154-A113-72F276C779D1}.Debug|Any CPU.ActiveCfg = Debug|Any CPU
		{0AB8307E-E7CD-4154-A113-72F276C779D1}.Debug|Any CPU.Build.0 = Debug|Any CPU
		{0AB8307E-E7CD-4154-A113-72F276C779D1}.Release|Any CPU.ActiveCfg = Release|Any CPU
		{0AB8307E-E7CD-4154-A113-72F276C779D1}.Release|Any CPU.Build.0 = Release|Any CPU
		{CE8BF8FF-94CF-4845-83C6-18C14E595D55}.Debug|Any CPU.ActiveCfg = Debug|Any CPU
		{CE8BF8FF-94CF-4845-83C6-18C14E595D55}.Debug|Any CPU.Build.0 = Debug|Any CPU
		{CE8BF8FF-94CF-4845-83C6-18C14E595D55}.Release|Any CPU.ActiveCfg = Release|Any CPU
		{CE8BF8FF-94CF-4845-83C6-18C14E595D55}.Release|Any CPU.Build.0 = Release|Any CPU
		{3ACFD2CA-151E-4B7F-9C01-A2755DC005AC}.Debug|Any CPU.ActiveCfg = Debug|Any CPU
		{3ACFD2CA-151E-4B7F-9C01-A2755DC005AC}.Debug|Any CPU.Build.0 = Debug|Any CPU
		{3ACFD2CA-151E-4B7F-9C01-A2755DC005AC}.Release|Any CPU.ActiveCfg = Release|Any CPU
		{3ACFD2CA-151E-4B7F-9C01-A2755DC005AC}.Release|Any CPU.Build.0 = Release|Any CPU
		{F7F7DDDB-712C-4230-9DEA-19FDC682ABB1}.Debug|Any CPU.ActiveCfg = Debug|Any CPU
		{F7F7DDDB-712C-4230-9DEA-19FDC682ABB1}.Debug|Any CPU.Build.0 = Debug|Any CPU
		{F7F7DDDB-712C-4230-9DEA-19FDC682ABB1}.Release|Any CPU.ActiveCfg = Release|Any CPU
		{F7F7DDDB-712C-4230-9DEA-19FDC682ABB1}.Release|Any CPU.Build.0 = Release|Any CPU
	EndGlobalSection
	GlobalSection(SolutionProperties) = preSolution
		HideSolutionNode = FALSE
	EndGlobalSection
	GlobalSection(NestedProjects) = preSolution
		{AC838710-3279-457D-A8D7-C23B7539FB8B} = {42B98AEC-F511-4421-824C-F226366589EC}
		{539E9652-C313-4BC6-9613-DEBCC35029D7} = {464B484C-5947-4B06-9AFF-1835F47538B3}
		{059C9B2D-5C14-4469-915E-D9D08F9CA555} = {BDF8650D-C8DF-490D-A001-D8AA38BFFBCD}
		{FF876D70-4DC2-47C6-9B3A-A6C19C8CF664} = {65889E74-473A-43FF-A00A-338448F917E0}
		{2DBFA5AB-DA30-4B8F-BF20-A24867FE5C91} = {FF876D70-4DC2-47C6-9B3A-A6C19C8CF664}
		{552DF1D5-7A21-4D2E-8ED5-B0F22A97A686} = {FF876D70-4DC2-47C6-9B3A-A6C19C8CF664}
		{9C93A3EF-D0EE-4EF3-9DE4-CBE33CCE8659} = {FF876D70-4DC2-47C6-9B3A-A6C19C8CF664}
		{87F3EEBF-C82B-4533-BD58-5B8BBB44D6E2} = {FF876D70-4DC2-47C6-9B3A-A6C19C8CF664}
		{0AB8307E-E7CD-4154-A113-72F276C779D1} = {2DBFA5AB-DA30-4B8F-BF20-A24867FE5C91}
		{CE8BF8FF-94CF-4845-83C6-18C14E595D55} = {87F3EEBF-C82B-4533-BD58-5B8BBB44D6E2}
		{3ACFD2CA-151E-4B7F-9C01-A2755DC005AC} = {9C93A3EF-D0EE-4EF3-9DE4-CBE33CCE8659}
		{F7F7DDDB-712C-4230-9DEA-19FDC682ABB1} = {552DF1D5-7A21-4D2E-8ED5-B0F22A97A686}
	EndGlobalSection
	GlobalSection(ExtensibilityGlobals) = postSolution
		SolutionGuid = {439C66E8-160B-4609-9474-75EBC2878F75}
	EndGlobalSection
EndGlobal
