
Microsoft Visual Studio Solution File, Format Version 12.00
# Visual Studio Version 16
VisualStudioVersion = 16.0.30404.54
MinimumVisualStudioVersion = 10.0.40219.1
Project("{2150E333-8FDC-42A3-9474-1A3956D46DE8}") = "Microservices", "Microservices", "{65889E74-473A-43FF-A00A-338448F917E0}"
EndProject
Project("{2150E333-8FDC-42A3-9474-1A3956D46DE8}") = "Domain", "Domain", "{42B98AEC-F511-4421-824C-F226366589EC}"
EndProject
Project("{2150E333-8FDC-42A3-9474-1A3956D46DE8}") = "Infra.Bus", "Infra.Bus", "{464B484C-5947-4B06-9AFF-1835F47538B3}"
EndProject
Project("{2150E333-8FDC-42A3-9474-1A3956D46DE8}") = "Infra.IOC", "Infra.IOC", "{BDF8650D-C8DF-490D-A001-D8AA38BFFBCD}"
EndProject
Project("{2150E333-8FDC-42A3-9474-1A3956D46DE8}") = "Presentation", "Presentation", "{24CF20EC-A7D1-47EB-A186-1AC55E4E4201}"
EndProject
Project("{FAE04EC0-301F-11D3-BF4B-00C04F79EFBC}") = "MicroRabbit.Domain.Core", "MicroRabbit.Domain.Core\MicroRabbit.Domain.Core.csproj", "{AC838710-3279-457D-A8D7-C23B7539FB8B}"
EndProject
Global
	GlobalSection(SolutionConfigurationPlatforms) = preSolution
		Debug|Any CPU = Debug|Any CPU
		Release|Any CPU = Release|Any CPU
	EndGlobalSection
	GlobalSection(ProjectConfigurationPlatforms) = postSolution
		{AC838710-3279-457D-A8D7-C23B7539FB8B}.Debug|Any CPU.ActiveCfg = Debug|Any CPU
		{AC838710-3279-457D-A8D7-C23B7539FB8B}.Debug|Any CPU.Build.0 = Debug|Any CPU
		{AC838710-3279-457D-A8D7-C23B7539FB8B}.Release|Any CPU.ActiveCfg = Release|Any CPU
		{AC838710-3279-457D-A8D7-C23B7539FB8B}.Release|Any CPU.Build.0 = Release|Any CPU
	EndGlobalSection
	GlobalSection(SolutionProperties) = preSolution
		HideSolutionNode = FALSE
	EndGlobalSection
	GlobalSection(NestedProjects) = preSolution
		{AC838710-3279-457D-A8D7-C23B7539FB8B} = {42B98AEC-F511-4421-824C-F226366589EC}
	EndGlobalSection
	GlobalSection(ExtensibilityGlobals) = postSolution
		SolutionGuid = {439C66E8-160B-4609-9474-75EBC2878F75}
	EndGlobalSection
EndGlobal
